
Microsoft Visual Studio Solution File, Format Version 12.00
# Visual Studio Version 17
VisualStudioVersion = 17.5.33627.172
MinimumVisualStudioVersion = 10.0.40219.1
Project("{FAE04EC0-301F-11D3-BF4B-00C04F79EFBC}") = "c#3", "c#3.csproj", "{DC33A960-4F48-4288-A25F-6E2C55DFB04D}"
EndProject
Global
	GlobalSection(SolutionConfigurationPlatforms) = preSolution
		Debug|Any CPU = Debug|Any CPU
		Release|Any CPU = Release|Any CPU
	EndGlobalSection
	GlobalSection(ProjectConfigurationPlatforms) = postSolution
		{DC33A960-4F48-4288-A25F-6E2C55DFB04D}.Debug|Any CPU.ActiveCfg = Debug|Any CPU
		{DC33A960-4F48-4288-A25F-6E2C55DFB04D}.Debug|Any CPU.Build.0 = Debug|Any CPU
		{DC33A960-4F48-4288-A25F-6E2C55DFB04D}.Release|Any CPU.ActiveCfg = Release|Any CPU
		{DC33A960-4F48-4288-A25F-6E2C55DFB04D}.Release|Any CPU.Build.0 = Release|Any CPU
	EndGlobalSection
	GlobalSection(SolutionProperties) = preSolution
		HideSolutionNode = FALSE
	EndGlobalSection
	GlobalSection(ExtensibilityGlobals) = postSolution
		SolutionGuid = {89802794-6DD5-4E34-BD8A-0E922CBC8AA2}
	EndGlobalSection
EndGlobal
